
Microsoft Visual Studio Solution File, Format Version 12.00
# Visual Studio Version 16
VisualStudioVersion = 16.0.31624.102
MinimumVisualStudioVersion = 10.0.40219.1
Project("{FAE04EC0-301F-11D3-BF4B-00C04F79EFBC}") = "Parser462", "Parser462\Parser462.csproj", "{0E37BF0B-FD10-4EAF-9FA4-10F99DC0708B}"
EndProject
Project("{9A19103F-16F7-4668-BE54-9A1E7A4F7556}") = "parser", "parser\parser.csproj", "{69FD7DB8-A61B-4F09-AB9C-67BFE0542AD5}"
EndProject
Global
	GlobalSection(SolutionConfigurationPlatforms) = preSolution
		Debug|Any CPU = Debug|Any CPU
		Release|Any CPU = Release|Any CPU
	EndGlobalSection
	GlobalSection(ProjectConfigurationPlatforms) = postSolution
		{0E37BF0B-FD10-4EAF-9FA4-10F99DC0708B}.Debug|Any CPU.ActiveCfg = Debug|Any CPU
		{0E37BF0B-FD10-4EAF-9FA4-10F99DC0708B}.Debug|Any CPU.Build.0 = Debug|Any CPU
		{0E37BF0B-FD10-4EAF-9FA4-10F99DC0708B}.Release|Any CPU.ActiveCfg = Release|Any CPU
		{0E37BF0B-FD10-4EAF-9FA4-10F99DC0708B}.Release|Any CPU.Build.0 = Release|Any CPU
		{69FD7DB8-A61B-4F09-AB9C-67BFE0542AD5}.Debug|Any CPU.ActiveCfg = Debug|Any CPU
		{69FD7DB8-A61B-4F09-AB9C-67BFE0542AD5}.Debug|Any CPU.Build.0 = Debug|Any CPU
		{69FD7DB8-A61B-4F09-AB9C-67BFE0542AD5}.Release|Any CPU.ActiveCfg = Release|Any CPU
		{69FD7DB8-A61B-4F09-AB9C-67BFE0542AD5}.Release|Any CPU.Build.0 = Release|Any CPU
	EndGlobalSection
	GlobalSection(SolutionProperties) = preSolution
		HideSolutionNode = FALSE
	EndGlobalSection
	GlobalSection(ExtensibilityGlobals) = postSolution
		SolutionGuid = {5F365575-33BC-464E-87AB-A3E44D68896F}
	EndGlobalSection
EndGlobal
